
Microsoft Visual Studio Solution File, Format Version 12.00
# Visual Studio Version 17
VisualStudioVersion = 17.6.33801.468
MinimumVisualStudioVersion = 10.0.40219.1
Project("{9A19103F-16F7-4668-BE54-9A1E7A4F7556}") = "SpectreBookWeb", "SpectreBookWeb\SpectreBookWeb.csproj", "{6CF5FF9A-0379-45FA-B231-3EEEC7AD8CF1}"
	ProjectSection(ProjectDependencies) = postProject
		{752F8286-5116-4AF1-A464-7E51B416F979} = {752F8286-5116-4AF1-A464-7E51B416F979}
		{B1D6A88E-AB3E-47D0-AD84-3B6D29B466D9} = {B1D6A88E-AB3E-47D0-AD84-3B6D29B466D9}
		{FBA8B91C-2BEB-4C4C-87D8-80FAA9E743E4} = {FBA8B91C-2BEB-4C4C-87D8-80FAA9E743E4}
	EndProjectSection
EndProject
Project("{9A19103F-16F7-4668-BE54-9A1E7A4F7556}") = "SpectreBook.DataAccess", "SpectreBook.DataAccess\SpectreBook.DataAccess.csproj", "{752F8286-5116-4AF1-A464-7E51B416F979}"
EndProject
Project("{9A19103F-16F7-4668-BE54-9A1E7A4F7556}") = "SpectreBook.Models", "SpectreBook.Models\SpectreBook.Models.csproj", "{FBA8B91C-2BEB-4C4C-87D8-80FAA9E743E4}"
EndProject
Project("{9A19103F-16F7-4668-BE54-9A1E7A4F7556}") = "SpectreBook.Utility", "SpectreBook.Utility\SpectreBook.Utility.csproj", "{B1D6A88E-AB3E-47D0-AD84-3B6D29B466D9}"
EndProject
Global
	GlobalSection(SolutionConfigurationPlatforms) = preSolution
		Debug|Any CPU = Debug|Any CPU
		Release|Any CPU = Release|Any CPU
	EndGlobalSection
	GlobalSection(ProjectConfigurationPlatforms) = postSolution
		{6CF5FF9A-0379-45FA-B231-3EEEC7AD8CF1}.Debug|Any CPU.ActiveCfg = Debug|Any CPU
		{6CF5FF9A-0379-45FA-B231-3EEEC7AD8CF1}.Debug|Any CPU.Build.0 = Debug|Any CPU
		{6CF5FF9A-0379-45FA-B231-3EEEC7AD8CF1}.Release|Any CPU.ActiveCfg = Release|Any CPU
		{6CF5FF9A-0379-45FA-B231-3EEEC7AD8CF1}.Release|Any CPU.Build.0 = Release|Any CPU
		{752F8286-5116-4AF1-A464-7E51B416F979}.Debug|Any CPU.ActiveCfg = Debug|Any CPU
		{752F8286-5116-4AF1-A464-7E51B416F979}.Debug|Any CPU.Build.0 = Debug|Any CPU
		{752F8286-5116-4AF1-A464-7E51B416F979}.Release|Any CPU.ActiveCfg = Release|Any CPU
		{752F8286-5116-4AF1-A464-7E51B416F979}.Release|Any CPU.Build.0 = Release|Any CPU
		{FBA8B91C-2BEB-4C4C-87D8-80FAA9E743E4}.Debug|Any CPU.ActiveCfg = Debug|Any CPU
		{FBA8B91C-2BEB-4C4C-87D8-80FAA9E743E4}.Debug|Any CPU.Build.0 = Debug|Any CPU
		{FBA8B91C-2BEB-4C4C-87D8-80FAA9E743E4}.Release|Any CPU.ActiveCfg = Release|Any CPU
		{FBA8B91C-2BEB-4C4C-87D8-80FAA9E743E4}.Release|Any CPU.Build.0 = Release|Any CPU
		{B1D6A88E-AB3E-47D0-AD84-3B6D29B466D9}.Debug|Any CPU.ActiveCfg = Debug|Any CPU
		{B1D6A88E-AB3E-47D0-AD84-3B6D29B466D9}.Debug|Any CPU.Build.0 = Debug|Any CPU
		{B1D6A88E-AB3E-47D0-AD84-3B6D29B466D9}.Release|Any CPU.ActiveCfg = Release|Any CPU
		{B1D6A88E-AB3E-47D0-AD84-3B6D29B466D9}.Release|Any CPU.Build.0 = Release|Any CPU
	EndGlobalSection
	GlobalSection(SolutionProperties) = preSolution
		HideSolutionNode = FALSE
	EndGlobalSection
	GlobalSection(ExtensibilityGlobals) = postSolution
		SolutionGuid = {723FBFBA-59D5-4AA6-8C51-952A564240E4}
	EndGlobalSection
EndGlobal
